
Microsoft Visual Studio Solution File, Format Version 12.00
# Visual Studio Version 16
VisualStudioVersion = 16.0.30621.155
MinimumVisualStudioVersion = 10.0.40219.1
Project("{FAE04EC0-301F-11D3-BF4B-00C04F79EFBC}") = "TcpClientPortable", "RunAsAdminTool\TcpClientPortable.csproj", "{630FF330-4F4F-44C6-98CA-66DAD42316E3}"
EndProject
Project("{FAE04EC0-301F-11D3-BF4B-00C04F79EFBC}") = "TcpServer", "TcpServer\TcpServer.csproj", "{4C19DFA3-43C9-425D-9016-30AD2D57C2FA}"
EndProject
Global
	GlobalSection(SolutionConfigurationPlatforms) = preSolution
		Debug|Any CPU = Debug|Any CPU
		Release|Any CPU = Release|Any CPU
	EndGlobalSection
	GlobalSection(ProjectConfigurationPlatforms) = postSolution
		{630FF330-4F4F-44C6-98CA-66DAD42316E3}.Debug|Any CPU.ActiveCfg = Debug|Any CPU
		{630FF330-4F4F-44C6-98CA-66DAD42316E3}.Debug|Any CPU.Build.0 = Debug|Any CPU
		{630FF330-4F4F-44C6-98CA-66DAD42316E3}.Release|Any CPU.ActiveCfg = Release|Any CPU
		{630FF330-4F4F-44C6-98CA-66DAD42316E3}.Release|Any CPU.Build.0 = Release|Any CPU
		{4C19DFA3-43C9-425D-9016-30AD2D57C2FA}.Debug|Any CPU.ActiveCfg = Debug|Any CPU
		{4C19DFA3-43C9-425D-9016-30AD2D57C2FA}.Debug|Any CPU.Build.0 = Debug|Any CPU
		{4C19DFA3-43C9-425D-9016-30AD2D57C2FA}.Release|Any CPU.ActiveCfg = Release|Any CPU
		{4C19DFA3-43C9-425D-9016-30AD2D57C2FA}.Release|Any CPU.Build.0 = Release|Any CPU
	EndGlobalSection
	GlobalSection(SolutionProperties) = preSolution
		HideSolutionNode = FALSE
	EndGlobalSection
	GlobalSection(ExtensibilityGlobals) = postSolution
		SolutionGuid = {5AA02D70-B48A-4EBC-BB23-454F6867C096}
	EndGlobalSection
EndGlobal
